
Microsoft Visual Studio Solution File, Format Version 12.00
# Visual Studio 14
VisualStudioVersion = 14.0.25420.1
MinimumVisualStudioVersion = 10.0.40219.1
Project("{FAE04EC0-301F-11D3-BF4B-00C04F79EFBC}") = "Site_CryptoCenter", "Site_CryptoCenter\Site_CryptoCenter.csproj", "{9E66067A-5D51-4161-B71A-9D686E67277A}"
EndProject
Project("{FAE04EC0-301F-11D3-BF4B-00C04F79EFBC}") = "Infra_CryptoCenter", "Infra_CryptoCenter\Infra_CryptoCenter.csproj", "{C4A1E755-EDBC-4611-8DB5-7BE8511837F8}"
EndProject
Project("{FAE04EC0-301F-11D3-BF4B-00C04F79EFBC}") = "Domain_CryptoCenter", "Domain_CryptoCenter\Domain_CryptoCenter.csproj", "{5B0A8B4C-16E7-4653-AD3D-D799F3F64A82}"
EndProject
Global
	GlobalSection(SolutionConfigurationPlatforms) = preSolution
		Debug|Any CPU = Debug|Any CPU
		Release|Any CPU = Release|Any CPU
	EndGlobalSection
	GlobalSection(ProjectConfigurationPlatforms) = postSolution
		{9E66067A-5D51-4161-B71A-9D686E67277A}.Debug|Any CPU.ActiveCfg = Debug|Any CPU
		{9E66067A-5D51-4161-B71A-9D686E67277A}.Debug|Any CPU.Build.0 = Debug|Any CPU
		{9E66067A-5D51-4161-B71A-9D686E67277A}.Release|Any CPU.ActiveCfg = Release|Any CPU
		{9E66067A-5D51-4161-B71A-9D686E67277A}.Release|Any CPU.Build.0 = Release|Any CPU
		{C4A1E755-EDBC-4611-8DB5-7BE8511837F8}.Debug|Any CPU.ActiveCfg = Debug|Any CPU
		{C4A1E755-EDBC-4611-8DB5-7BE8511837F8}.Debug|Any CPU.Build.0 = Debug|Any CPU
		{C4A1E755-EDBC-4611-8DB5-7BE8511837F8}.Release|Any CPU.ActiveCfg = Release|Any CPU
		{C4A1E755-EDBC-4611-8DB5-7BE8511837F8}.Release|Any CPU.Build.0 = Release|Any CPU
		{5B0A8B4C-16E7-4653-AD3D-D799F3F64A82}.Debug|Any CPU.ActiveCfg = Debug|Any CPU
		{5B0A8B4C-16E7-4653-AD3D-D799F3F64A82}.Debug|Any CPU.Build.0 = Debug|Any CPU
		{5B0A8B4C-16E7-4653-AD3D-D799F3F64A82}.Release|Any CPU.ActiveCfg = Release|Any CPU
		{5B0A8B4C-16E7-4653-AD3D-D799F3F64A82}.Release|Any CPU.Build.0 = Release|Any CPU
	EndGlobalSection
	GlobalSection(SolutionProperties) = preSolution
		HideSolutionNode = FALSE
	EndGlobalSection
EndGlobal
